
Microsoft Visual Studio Solution File, Format Version 12.00
# Visual Studio 2012
VisualStudioVersion = 12.0.31101.0
MinimumVisualStudioVersion = 10.0.40219.1
Project("{FAE04EC0-301F-11D3-BF4B-00C04F79EFBC}") = "LouthRoad.Droid", "LouthRoad.Droid\LouthRoad.Droid.csproj", "{ACAACE49-2CBF-4D4F-A389-842F3135395A}"
EndProject
Project("{FAE04EC0-301F-11D3-BF4B-00C04F79EFBC}") = "LouthRoad.Core", "LouthRoad.Core\LouthRoad.Core\LouthRoad.Core.csproj", "{E09588BA-F77E-4FD8-8E49-292C78CB165D}"
EndProject
Project("{FAE04EC0-301F-11D3-BF4B-00C04F79EFBC}") = "LouthRoad.API", "LouthRoad.API\LouthRoad.API.csproj", "{D6BB8354-9AB4-4641-939F-A046123DF14B}"
EndProject
Project("{2150E333-8FDC-42A3-9474-1A3956D46DE8}") = "PublishScripts", "PublishScripts", "{19FEC9BA-B877-4E84-B0E5-F3B97B1274CA}"
	ProjectSection(SolutionItems) = preProject
		PublishScripts\AzureWebsitePublishModule.psm1 = PublishScripts\AzureWebsitePublishModule.psm1
		PublishScripts\Publish-WebApplicationWebsite.ps1 = PublishScripts\Publish-WebApplicationWebsite.ps1
	EndProjectSection
EndProject
Project("{2150E333-8FDC-42A3-9474-1A3956D46DE8}") = "Configurations", "Configurations", "{8564E230-69FD-441A-9CC7-E96B540FC3F1}"
	ProjectSection(SolutionItems) = preProject
		PublishScripts\Configurations\LouthRoadAPI-WAWS-dev.json = PublishScripts\Configurations\LouthRoadAPI-WAWS-dev.json
	EndProjectSection
EndProject
Global
	GlobalSection(SolutionConfigurationPlatforms) = preSolution
		Ad-Hoc|Any CPU = Ad-Hoc|Any CPU
		Ad-Hoc|iPhone = Ad-Hoc|iPhone
		Ad-Hoc|iPhoneSimulator = Ad-Hoc|iPhoneSimulator
		Ad-Hoc|Mixed Platforms = Ad-Hoc|Mixed Platforms
		AppStore|Any CPU = AppStore|Any CPU
		AppStore|iPhone = AppStore|iPhone
		AppStore|iPhoneSimulator = AppStore|iPhoneSimulator
		AppStore|Mixed Platforms = AppStore|Mixed Platforms
		Debug|Any CPU = Debug|Any CPU
		Debug|iPhone = Debug|iPhone
		Debug|iPhoneSimulator = Debug|iPhoneSimulator
		Debug|Mixed Platforms = Debug|Mixed Platforms
		Release|Any CPU = Release|Any CPU
		Release|iPhone = Release|iPhone
		Release|iPhoneSimulator = Release|iPhoneSimulator
		Release|Mixed Platforms = Release|Mixed Platforms
	EndGlobalSection
	GlobalSection(ProjectConfigurationPlatforms) = postSolution
		{ACAACE49-2CBF-4D4F-A389-842F3135395A}.Ad-Hoc|Any CPU.ActiveCfg = Release|Any CPU
		{ACAACE49-2CBF-4D4F-A389-842F3135395A}.Ad-Hoc|Any CPU.Build.0 = Release|Any CPU
		{ACAACE49-2CBF-4D4F-A389-842F3135395A}.Ad-Hoc|Any CPU.Deploy.0 = Release|Any CPU
		{ACAACE49-2CBF-4D4F-A389-842F3135395A}.Ad-Hoc|iPhone.ActiveCfg = Release|Any CPU
		{ACAACE49-2CBF-4D4F-A389-842F3135395A}.Ad-Hoc|iPhoneSimulator.ActiveCfg = Release|Any CPU
		{ACAACE49-2CBF-4D4F-A389-842F3135395A}.Ad-Hoc|Mixed Platforms.ActiveCfg = Release|Any CPU
		{ACAACE49-2CBF-4D4F-A389-842F3135395A}.Ad-Hoc|Mixed Platforms.Build.0 = Release|Any CPU
		{ACAACE49-2CBF-4D4F-A389-842F3135395A}.Ad-Hoc|Mixed Platforms.Deploy.0 = Release|Any CPU
		{ACAACE49-2CBF-4D4F-A389-842F3135395A}.AppStore|Any CPU.ActiveCfg = Release|Any CPU
		{ACAACE49-2CBF-4D4F-A389-842F3135395A}.AppStore|Any CPU.Build.0 = Release|Any CPU
		{ACAACE49-2CBF-4D4F-A389-842F3135395A}.AppStore|Any CPU.Deploy.0 = Release|Any CPU
		{ACAACE49-2CBF-4D4F-A389-842F3135395A}.AppStore|iPhone.ActiveCfg = Release|Any CPU
		{ACAACE49-2CBF-4D4F-A389-842F3135395A}.AppStore|iPhoneSimulator.ActiveCfg = Release|Any CPU
		{ACAACE49-2CBF-4D4F-A389-842F3135395A}.AppStore|Mixed Platforms.ActiveCfg = Release|Any CPU
		{ACAACE49-2CBF-4D4F-A389-842F3135395A}.AppStore|Mixed Platforms.Build.0 = Release|Any CPU
		{ACAACE49-2CBF-4D4F-A389-842F3135395A}.AppStore|Mixed Platforms.Deploy.0 = Release|Any CPU
		{ACAACE49-2CBF-4D4F-A389-842F3135395A}.Debug|Any CPU.ActiveCfg = Debug|Any CPU
		{ACAACE49-2CBF-4D4F-A389-842F3135395A}.Debug|Any CPU.Build.0 = Debug|Any CPU
		{ACAACE49-2CBF-4D4F-A389-842F3135395A}.Debug|Any CPU.Deploy.0 = Debug|Any CPU
		{ACAACE49-2CBF-4D4F-A389-842F3135395A}.Debug|iPhone.ActiveCfg = Debug|Any CPU
		{ACAACE49-2CBF-4D4F-A389-842F3135395A}.Debug|iPhoneSimulator.ActiveCfg = Debug|Any CPU
		{ACAACE49-2CBF-4D4F-A389-842F3135395A}.Debug|Mixed Platforms.ActiveCfg = Debug|Any CPU
		{ACAACE49-2CBF-4D4F-A389-842F3135395A}.Debug|Mixed Platforms.Build.0 = Debug|Any CPU
		{ACAACE49-2CBF-4D4F-A389-842F3135395A}.Debug|Mixed Platforms.Deploy.0 = Debug|Any CPU
		{ACAACE49-2CBF-4D4F-A389-842F3135395A}.Release|Any CPU.ActiveCfg = Release|Any CPU
		{ACAACE49-2CBF-4D4F-A389-842F3135395A}.Release|Any CPU.Build.0 = Release|Any CPU
		{ACAACE49-2CBF-4D4F-A389-842F3135395A}.Release|Any CPU.Deploy.0 = Release|Any CPU
		{ACAACE49-2CBF-4D4F-A389-842F3135395A}.Release|iPhone.ActiveCfg = Release|Any CPU
		{ACAACE49-2CBF-4D4F-A389-842F3135395A}.Release|iPhoneSimulator.ActiveCfg = Release|Any CPU
		{ACAACE49-2CBF-4D4F-A389-842F3135395A}.Release|Mixed Platforms.ActiveCfg = Release|Any CPU
		{ACAACE49-2CBF-4D4F-A389-842F3135395A}.Release|Mixed Platforms.Build.0 = Release|Any CPU
		{ACAACE49-2CBF-4D4F-A389-842F3135395A}.Release|Mixed Platforms.Deploy.0 = Release|Any CPU
		{D6BB8354-9AB4-4641-939F-A046123DF14B}.Ad-Hoc|Any CPU.ActiveCfg = Release|Any CPU
		{D6BB8354-9AB4-4641-939F-A046123DF14B}.Ad-Hoc|Any CPU.Build.0 = Release|Any CPU
		{D6BB8354-9AB4-4641-939F-A046123DF14B}.Ad-Hoc|iPhone.ActiveCfg = Release|Any CPU
		{D6BB8354-9AB4-4641-939F-A046123DF14B}.Ad-Hoc|iPhoneSimulator.ActiveCfg = Release|Any CPU
		{D6BB8354-9AB4-4641-939F-A046123DF14B}.Ad-Hoc|Mixed Platforms.ActiveCfg = Release|Any CPU
		{D6BB8354-9AB4-4641-939F-A046123DF14B}.Ad-Hoc|Mixed Platforms.Build.0 = Release|Any CPU
		{D6BB8354-9AB4-4641-939F-A046123DF14B}.AppStore|Any CPU.ActiveCfg = Release|Any CPU
		{D6BB8354-9AB4-4641-939F-A046123DF14B}.AppStore|Any CPU.Build.0 = Release|Any CPU
		{D6BB8354-9AB4-4641-939F-A046123DF14B}.AppStore|iPhone.ActiveCfg = Release|Any CPU
		{D6BB8354-9AB4-4641-939F-A046123DF14B}.AppStore|iPhoneSimulator.ActiveCfg = Release|Any CPU
		{D6BB8354-9AB4-4641-939F-A046123DF14B}.AppStore|Mixed Platforms.ActiveCfg = Release|Any CPU
		{D6BB8354-9AB4-4641-939F-A046123DF14B}.AppStore|Mixed Platforms.Build.0 = Release|Any CPU
		{D6BB8354-9AB4-4641-939F-A046123DF14B}.Debug|Any CPU.ActiveCfg = Debug|Any CPU
		{D6BB8354-9AB4-4641-939F-A046123DF14B}.Debug|Any CPU.Build.0 = Debug|Any CPU
		{D6BB8354-9AB4-4641-939F-A046123DF14B}.Debug|iPhone.ActiveCfg = Debug|Any CPU
		{D6BB8354-9AB4-4641-939F-A046123DF14B}.Debug|iPhoneSimulator.ActiveCfg = Debug|Any CPU
		{D6BB8354-9AB4-4641-939F-A046123DF14B}.Debug|Mixed Platforms.ActiveCfg = Debug|Any CPU
		{D6BB8354-9AB4-4641-939F-A046123DF14B}.Debug|Mixed Platforms.Build.0 = Debug|Any CPU
		{D6BB8354-9AB4-4641-939F-A046123DF14B}.Release|Any CPU.ActiveCfg = Release|Any CPU
		{D6BB8354-9AB4-4641-939F-A046123DF14B}.Release|Any CPU.Build.0 = Release|Any CPU
		{D6BB8354-9AB4-4641-939F-A046123DF14B}.Release|iPhone.ActiveCfg = Release|Any CPU
		{D6BB8354-9AB4-4641-939F-A046123DF14B}.Release|iPhoneSimulator.ActiveCfg = Release|Any CPU
		{D6BB8354-9AB4-4641-939F-A046123DF14B}.Release|Mixed Platforms.ActiveCfg = Release|Any CPU
		{D6BB8354-9AB4-4641-939F-A046123DF14B}.Release|Mixed Platforms.Build.0 = Release|Any CPU
		{E09588BA-F77E-4FD8-8E49-292C78CB165D}.Ad-Hoc|Any CPU.ActiveCfg = Release|Any CPU
		{E09588BA-F77E-4FD8-8E49-292C78CB165D}.Ad-Hoc|Any CPU.Build.0 = Release|Any CPU
		{E09588BA-F77E-4FD8-8E49-292C78CB165D}.Ad-Hoc|iPhone.ActiveCfg = Release|Any CPU
		{E09588BA-F77E-4FD8-8E49-292C78CB165D}.Ad-Hoc|iPhoneSimulator.ActiveCfg = Release|Any CPU
		{E09588BA-F77E-4FD8-8E49-292C78CB165D}.Ad-Hoc|Mixed Platforms.ActiveCfg = Release|Any CPU
		{E09588BA-F77E-4FD8-8E49-292C78CB165D}.Ad-Hoc|Mixed Platforms.Build.0 = Release|Any CPU
		{E09588BA-F77E-4FD8-8E49-292C78CB165D}.AppStore|Any CPU.ActiveCfg = Release|Any CPU
		{E09588BA-F77E-4FD8-8E49-292C78CB165D}.AppStore|Any CPU.Build.0 = Release|Any CPU
		{E09588BA-F77E-4FD8-8E49-292C78CB165D}.AppStore|iPhone.ActiveCfg = Release|Any CPU
		{E09588BA-F77E-4FD8-8E49-292C78CB165D}.AppStore|iPhoneSimulator.ActiveCfg = Release|Any CPU
		{E09588BA-F77E-4FD8-8E49-292C78CB165D}.AppStore|Mixed Platforms.ActiveCfg = Release|Any CPU
		{E09588BA-F77E-4FD8-8E49-292C78CB165D}.AppStore|Mixed Platforms.Build.0 = Release|Any CPU
		{E09588BA-F77E-4FD8-8E49-292C78CB165D}.Debug|Any CPU.ActiveCfg = Debug|Any CPU
		{E09588BA-F77E-4FD8-8E49-292C78CB165D}.Debug|Any CPU.Build.0 = Debug|Any CPU
		{E09588BA-F77E-4FD8-8E49-292C78CB165D}.Debug|iPhone.ActiveCfg = Debug|Any CPU
		{E09588BA-F77E-4FD8-8E49-292C78CB165D}.Debug|iPhoneSimulator.ActiveCfg = Debug|Any CPU
		{E09588BA-F77E-4FD8-8E49-292C78CB165D}.Debug|Mixed Platforms.ActiveCfg = Debug|Any CPU
		{E09588BA-F77E-4FD8-8E49-292C78CB165D}.Debug|Mixed Platforms.Build.0 = Debug|Any CPU
		{E09588BA-F77E-4FD8-8E49-292C78CB165D}.Release|Any CPU.ActiveCfg = Release|Any CPU
		{E09588BA-F77E-4FD8-8E49-292C78CB165D}.Release|Any CPU.Build.0 = Release|Any CPU
		{E09588BA-F77E-4FD8-8E49-292C78CB165D}.Release|iPhone.ActiveCfg = Release|Any CPU
		{E09588BA-F77E-4FD8-8E49-292C78CB165D}.Release|iPhoneSimulator.ActiveCfg = Release|Any CPU
		{E09588BA-F77E-4FD8-8E49-292C78CB165D}.Release|Mixed Platforms.ActiveCfg = Release|Any CPU
		{E09588BA-F77E-4FD8-8E49-292C78CB165D}.Release|Mixed Platforms.Build.0 = Release|Any CPU
	EndGlobalSection
	GlobalSection(NestedProjects) = preSolution
		{8564E230-69FD-441A-9CC7-E96B540FC3F1} = {19FEC9BA-B877-4E84-B0E5-F3B97B1274CA}
	EndGlobalSection
	GlobalSection(SolutionProperties) = preSolution
		HideSolutionNode = FALSE
	EndGlobalSection
EndGlobal
